
Microsoft Visual Studio Solution File, Format Version 12.00
# Visual Studio 2013
VisualStudioVersion = 12.0.0.0
MinimumVisualStudioVersion = 10.0.0.1
Project("{FAE04EC0-301F-11D3-BF4B-00C04F79EFBC}") = "TodoApi", "TodoApi/TodoApi.csproj", "{C4DE5F8A-FCE9-4A00-A2D8-C47DC33DBFBA}"
EndProject
Project("{FAE04EC0-301F-11D3-BF4B-00C04F79EFBC}") = "TodoApi.Tests", "TodoApi.Tests\TodoApi.Tests.csproj", "{092F011B-E5EB-4F0B-AFA7-DBB95843FC2E}"
EndProject
Global
	GlobalSection(SolutionConfigurationPlatforms) = preSolution
		Debug|Any CPU = Debug|Any CPU
		Release|Any CPU = Release|Any CPU
	EndGlobalSection
	GlobalSection(ProjectConfigurationPlatforms) = postSolution
		{C4DE5F8A-FCE9-4A00-A2D8-C47DC33DBFBA}.Debug|Any CPU.ActiveCfg = Debug|Any CPU
		{C4DE5F8A-FCE9-4A00-A2D8-C47DC33DBFBA}.Debug|Any CPU.Build.0 = Debug|Any CPU
		{C4DE5F8A-FCE9-4A00-A2D8-C47DC33DBFBA}.Release|Any CPU.ActiveCfg = Release|Any CPU
		{C4DE5F8A-FCE9-4A00-A2D8-C47DC33DBFBA}.Release|Any CPU.Build.0 = Release|Any CPU
		{092F011B-E5EB-4F0B-AFA7-DBB95843FC2E}.Debug|Any CPU.ActiveCfg = Debug|Any CPU
		{092F011B-E5EB-4F0B-AFA7-DBB95843FC2E}.Debug|Any CPU.Build.0 = Debug|Any CPU
		{092F011B-E5EB-4F0B-AFA7-DBB95843FC2E}.Release|Any CPU.ActiveCfg = Release|Any CPU
		{092F011B-E5EB-4F0B-AFA7-DBB95843FC2E}.Release|Any CPU.Build.0 = Release|Any CPU
	EndGlobalSection
	GlobalSection(SolutionProperties) = preSolution
		HideSolutionNode = FALSE
	EndGlobalSection
EndGlobal
